
Microsoft Visual Studio Solution File, Format Version 12.00
# Visual Studio Version 16
VisualStudioVersion = 16.0.34301.259
MinimumVisualStudioVersion = 10.0.40219.1
Project("{FAE04EC0-301F-11D3-BF4B-00C04F79EFBC}") = "RDPSessionManagerLib", "RDPSessionManagerLib\RDPSessionManagerLib.csproj", "{DCAB48A8-4971-485D-A2F0-BD9EB9311DC7}"
EndProject
Project("{FAE04EC0-301F-11D3-BF4B-00C04F79EFBC}") = "TestForm", "TestForm\TestForm.csproj", "{AFF80E45-6C10-462E-B612-D8A021E648C8}"
EndProject
Project("{FAE04EC0-301F-11D3-BF4B-00C04F79EFBC}") = "ExpirePassword_batch", "ExpirePassword_batch\ExpirePassword_batch.csproj", "{D8C2AE35-F786-4FF8-9A5F-AAAD67DECC26}"
EndProject
Project("{FAE04EC0-301F-11D3-BF4B-00C04F79EFBC}") = "sendemail_batch", "sendemail_batch\sendemail_batch.csproj", "{4AAEC37D-DEB7-4D58-BDD3-8D091F95AF94}"
EndProject
Global
	GlobalSection(SolutionConfigurationPlatforms) = preSolution
		Debug|Any CPU = Debug|Any CPU
		Release|Any CPU = Release|Any CPU
	EndGlobalSection
	GlobalSection(ProjectConfigurationPlatforms) = postSolution
		{DCAB48A8-4971-485D-A2F0-BD9EB9311DC7}.Debug|Any CPU.ActiveCfg = Debug|Any CPU
		{DCAB48A8-4971-485D-A2F0-BD9EB9311DC7}.Debug|Any CPU.Build.0 = Debug|Any CPU
		{DCAB48A8-4971-485D-A2F0-BD9EB9311DC7}.Release|Any CPU.ActiveCfg = Release|Any CPU
		{DCAB48A8-4971-485D-A2F0-BD9EB9311DC7}.Release|Any CPU.Build.0 = Release|Any CPU
		{AFF80E45-6C10-462E-B612-D8A021E648C8}.Debug|Any CPU.ActiveCfg = Debug|Any CPU
		{AFF80E45-6C10-462E-B612-D8A021E648C8}.Debug|Any CPU.Build.0 = Debug|Any CPU
		{AFF80E45-6C10-462E-B612-D8A021E648C8}.Release|Any CPU.ActiveCfg = Release|Any CPU
		{AFF80E45-6C10-462E-B612-D8A021E648C8}.Release|Any CPU.Build.0 = Release|Any CPU
		{D8C2AE35-F786-4FF8-9A5F-AAAD67DECC26}.Debug|Any CPU.ActiveCfg = Debug|Any CPU
		{D8C2AE35-F786-4FF8-9A5F-AAAD67DECC26}.Debug|Any CPU.Build.0 = Debug|Any CPU
		{D8C2AE35-F786-4FF8-9A5F-AAAD67DECC26}.Release|Any CPU.ActiveCfg = Release|Any CPU
		{D8C2AE35-F786-4FF8-9A5F-AAAD67DECC26}.Release|Any CPU.Build.0 = Release|Any CPU
		{4AAEC37D-DEB7-4D58-BDD3-8D091F95AF94}.Debug|Any CPU.ActiveCfg = Debug|Any CPU
		{4AAEC37D-DEB7-4D58-BDD3-8D091F95AF94}.Debug|Any CPU.Build.0 = Debug|Any CPU
		{4AAEC37D-DEB7-4D58-BDD3-8D091F95AF94}.Release|Any CPU.ActiveCfg = Release|Any CPU
		{4AAEC37D-DEB7-4D58-BDD3-8D091F95AF94}.Release|Any CPU.Build.0 = Release|Any CPU
	EndGlobalSection
	GlobalSection(SolutionProperties) = preSolution
		HideSolutionNode = FALSE
	EndGlobalSection
	GlobalSection(ExtensibilityGlobals) = postSolution
		SolutionGuid = {940C9AC9-8B17-4BE7-9EFA-0A005A7C4EC2}
	EndGlobalSection
EndGlobal
